// !$*UTF8*$!
{
	archiveVersion = 1;
	classes = {
	};
	objectVersion = 56;
	objects = {

/* Begin PBXBuildFile section */
		8D4A014E2A8F6E340067EE1E /* TUIApp.swift in Sources */ = {isa = PBXBuildFile; fileRef = 8D4A014D2A8F6E340067EE1E /* TUIApp.swift */; };
		8D4A01522A8F6E350067EE1E /* Assets.xcassets in Resources */ = {isa = PBXBuildFile; fileRef = 8D4A01512A8F6E350067EE1E /* Assets.xcassets */; };
		8D4A01552A8F6E350067EE1E /* Preview Assets.xcassets in Resources */ = {isa = PBXBuildFile; fileRef = 8D4A01542A8F6E350067EE1E /* Preview Assets.xcassets */; };
		8D4A015F2A8F6E350067EE1E /* TUITests.swift in Sources */ = {isa = PBXBuildFile; fileRef = 8D4A015E2A8F6E350067EE1E /* TUITests.swift */; };
		8D4A01692A8F6E350067EE1E /* TUIUITests.swift in Sources */ = {isa = PBXBuildFile; fileRef = 8D4A01682A8F6E350067EE1E /* TUIUITests.swift */; };
		8D4A016B2A8F6E350067EE1E /* TUIUITestsLaunchTests.swift in Sources */ = {isa = PBXBuildFile; fileRef = 8D4A016A2A8F6E350067EE1E /* TUIUITestsLaunchTests.swift */; };
		8D4A01972A8F716D0067EE1E /* NetworkServiceProtocol.swift in Sources */ = {isa = PBXBuildFile; fileRef = 8D4A01782A8F716D0067EE1E /* NetworkServiceProtocol.swift */; };
		8D4A019D2A8F716D0067EE1E /* ConnectionsResponse.swift in Sources */ = {isa = PBXBuildFile; fileRef = 8D4A01842A8F716D0067EE1E /* ConnectionsResponse.swift */; };
		8D4A019E2A8F716D0067EE1E /* ConnectionsRequest.swift in Sources */ = {isa = PBXBuildFile; fileRef = 8D4A01872A8F716D0067EE1E /* ConnectionsRequest.swift */; };
		8D4A01A32A8F716D0067EE1E /* NetworkingRequest.swift in Sources */ = {isa = PBXBuildFile; fileRef = 8D4A018D2A8F716D0067EE1E /* NetworkingRequest.swift */; };
		8D4A01A52A8F716D0067EE1E /* RequestDescriptor.swift in Sources */ = {isa = PBXBuildFile; fileRef = 8D4A018F2A8F716D0067EE1E /* RequestDescriptor.swift */; };
		8D4A01A92A8F716D0067EE1E /* NetworkError.swift in Sources */ = {isa = PBXBuildFile; fileRef = 8D4A01932A8F716D0067EE1E /* NetworkError.swift */; };
		8D4A01AA2A8F716D0067EE1E /* NetworkStatusCode.swift in Sources */ = {isa = PBXBuildFile; fileRef = 8D4A01942A8F716D0067EE1E /* NetworkStatusCode.swift */; };
		8D4A01AB2A8F716D0067EE1E /* NetworkConstants.swift in Sources */ = {isa = PBXBuildFile; fileRef = 8D4A01952A8F716D0067EE1E /* NetworkConstants.swift */; };
		8D4A01AC2A8F716D0067EE1E /* NetworkService.swift in Sources */ = {isa = PBXBuildFile; fileRef = 8D4A01962A8F716D0067EE1E /* NetworkService.swift */; };
		8D4A01B22A8F85680067EE1E /* InjectionKey.swift in Sources */ = {isa = PBXBuildFile; fileRef = 8D4A01B12A8F85680067EE1E /* InjectionKey.swift */; };
		8D4A01B52A8F85910067EE1E /* NetworkServiceInjected.swift in Sources */ = {isa = PBXBuildFile; fileRef = 8D4A01B42A8F85910067EE1E /* NetworkServiceInjected.swift */; };
		8D4A01B72A8F86D20067EE1E /* InjectedValues.swift in Sources */ = {isa = PBXBuildFile; fileRef = 8D4A01B62A8F86D20067EE1E /* InjectedValues.swift */; };
		8D4A01B92A8F87550067EE1E /* DependencyPropertyWrapper.swift in Sources */ = {isa = PBXBuildFile; fileRef = 8D4A01B82A8F87550067EE1E /* DependencyPropertyWrapper.swift */; };
		8D4A01BD2A8F88760067EE1E /* ConnectionsManagerProtocol.swift in Sources */ = {isa = PBXBuildFile; fileRef = 8D4A01BC2A8F88760067EE1E /* ConnectionsManagerProtocol.swift */; };
		8D4A01BF2A8F88F50067EE1E /* ConnectionsManager.swift in Sources */ = {isa = PBXBuildFile; fileRef = 8D4A01BE2A8F88F50067EE1E /* ConnectionsManager.swift */; };
		8D4A01C32A8F89B30067EE1E /* AnyPublisher+.swift in Sources */ = {isa = PBXBuildFile; fileRef = 8D4A01C22A8F89B30067EE1E /* AnyPublisher+.swift */; };
		8D4A01C62A8FB5BC0067EE1E /* ConnectionsManagerInjected.swift in Sources */ = {isa = PBXBuildFile; fileRef = 8D4A01C52A8FB5BC0067EE1E /* ConnectionsManagerInjected.swift */; };
		8D4A01C82A8FB7340067EE1E /* HTTPMethod.swift in Sources */ = {isa = PBXBuildFile; fileRef = 8D4A01C72A8FB7340067EE1E /* HTTPMethod.swift */; };
		8D4A01CA2A8FB7D70067EE1E /* ParameterEncoding.swift in Sources */ = {isa = PBXBuildFile; fileRef = 8D4A01C92A8FB7D70067EE1E /* ParameterEncoding.swift */; };
		8D4A01D22A8FE3660067EE1E /* WelcomeView.swift in Sources */ = {isa = PBXBuildFile; fileRef = 8D4A01D12A8FE3660067EE1E /* WelcomeView.swift */; };
		8D4A01D42A8FF5890067EE1E /* WelcomeViewModel.swift in Sources */ = {isa = PBXBuildFile; fileRef = 8D4A01D32A8FF5890067EE1E /* WelcomeViewModel.swift */; };
		8D4A01D82A9007AD0067EE1E /* SearchResultView.swift in Sources */ = {isa = PBXBuildFile; fileRef = 8D4A01D72A9007AD0067EE1E /* SearchResultView.swift */; };
		8D4A01DC2A90144F0067EE1E /* SearchResultViewModel.swift in Sources */ = {isa = PBXBuildFile; fileRef = 8D4A01DB2A90144F0067EE1E /* SearchResultViewModel.swift */; };
		8D4A01E12A901BAC0067EE1E /* BasicTextField.swift in Sources */ = {isa = PBXBuildFile; fileRef = 8D4A01E02A901BAC0067EE1E /* BasicTextField.swift */; };
		8D4A01E42A901BFB0067EE1E /* CGFloat+.swift in Sources */ = {isa = PBXBuildFile; fileRef = 8D4A01E32A901BFB0067EE1E /* CGFloat+.swift */; };
		8D4A01E62A901E630067EE1E /* ColorNames.swift in Sources */ = {isa = PBXBuildFile; fileRef = 8D4A01E52A901E630067EE1E /* ColorNames.swift */; };
		8D4A01E82A901E960067EE1E /* IconNames.swift in Sources */ = {isa = PBXBuildFile; fileRef = 8D4A01E72A901E960067EE1E /* IconNames.swift */; };
		8D4A01EB2A901EF10067EE1E /* IconView.swift in Sources */ = {isa = PBXBuildFile; fileRef = 8D4A01EA2A901EF10067EE1E /* IconView.swift */; };
		8D4A01F02A9021BB0067EE1E /* SearchResultItem.swift in Sources */ = {isa = PBXBuildFile; fileRef = 8D4A01EF2A9021BB0067EE1E /* SearchResultItem.swift */; };
		8D4A01F32A90226A0067EE1E /* CityItemModifier.swift in Sources */ = {isa = PBXBuildFile; fileRef = 8D4A01F22A90226A0067EE1E /* CityItemModifier.swift */; };
		8D4A01F52A9024CB0067EE1E /* BlockModifier.swift in Sources */ = {isa = PBXBuildFile; fileRef = 8D4A01F42A9024CB0067EE1E /* BlockModifier.swift */; };
		8D4A01F72A9024E80067EE1E /* FontBody.swift in Sources */ = {isa = PBXBuildFile; fileRef = 8D4A01F62A9024E80067EE1E /* FontBody.swift */; };
		8D4A01FA2A9026E40067EE1E /* PointButtonView.swift in Sources */ = {isa = PBXBuildFile; fileRef = 8D4A01F92A9026E40067EE1E /* PointButtonView.swift */; };
		8D4A01FC2A90270A0067EE1E /* FontLabel.swift in Sources */ = {isa = PBXBuildFile; fileRef = 8D4A01FB2A90270A0067EE1E /* FontLabel.swift */; };
		8D4A01FF2A9028F00067EE1E /* PrimaryButtonStyle.swift in Sources */ = {isa = PBXBuildFile; fileRef = 8D4A01FE2A9028F00067EE1E /* PrimaryButtonStyle.swift */; };
		8D4A02022A902A580067EE1E /* SearchType.swift in Sources */ = {isa = PBXBuildFile; fileRef = 8D4A02012A902A580067EE1E /* SearchType.swift */; };
		8D4A02072A902B8A0067EE1E /* Localizable.strings in Resources */ = {isa = PBXBuildFile; fileRef = 8D4A02042A902B8A0067EE1E /* Localizable.strings */; };
		8D4A02082A902B8A0067EE1E /* LocalizationKeys.swift in Sources */ = {isa = PBXBuildFile; fileRef = 8D4A02062A902B8A0067EE1E /* LocalizationKeys.swift */; };
		8D4A020B2A902E290067EE1E /* LocationManager.swift in Sources */ = {isa = PBXBuildFile; fileRef = 8D4A020A2A902E280067EE1E /* LocationManager.swift */; };
		8D4A02102A9034430067EE1E /* LocationError.swift in Sources */ = {isa = PBXBuildFile; fileRef = 8D4A020F2A9034430067EE1E /* LocationError.swift */; };
		8D4A02132A90346F0067EE1E /* LocationManagerProtocol.swift in Sources */ = {isa = PBXBuildFile; fileRef = 8D4A02122A90346F0067EE1E /* LocationManagerProtocol.swift */; };
		8D4A02152A90350D0067EE1E /* LocationManagerInjected.swift in Sources */ = {isa = PBXBuildFile; fileRef = 8D4A02142A90350D0067EE1E /* LocationManagerInjected.swift */; };
		8D4A02172A90392F0067EE1E /* NotFoundView.swift in Sources */ = {isa = PBXBuildFile; fileRef = 8D4A02162A90392F0067EE1E /* NotFoundView.swift */; };
		8D4A02192A9047C80067EE1E /* IsLoadingModifier.swift in Sources */ = {isa = PBXBuildFile; fileRef = 8D4A02182A9047C80067EE1E /* IsLoadingModifier.swift */; };
		8D4A021B2A9049550067EE1E /* RouteResultView.swift in Sources */ = {isa = PBXBuildFile; fileRef = 8D4A021A2A9049550067EE1E /* RouteResultView.swift */; };
		8D4A021D2A904FE00067EE1E /* RouteMapView.swift in Sources */ = {isa = PBXBuildFile; fileRef = 8D4A021C2A904FE00067EE1E /* RouteMapView.swift */; };
		8D4A02202A9134FD0067EE1E /* RouteMapViewModel.swift in Sources */ = {isa = PBXBuildFile; fileRef = 8D4A021F2A9134FD0067EE1E /* RouteMapViewModel.swift */; };
		8D4A02252A9187D30067EE1E /* MapView.swift in Sources */ = {isa = PBXBuildFile; fileRef = 8D4A02242A9187D30067EE1E /* MapView.swift */; };
		8D4A02272A9188730067EE1E /* MapModifier.swift in Sources */ = {isa = PBXBuildFile; fileRef = 8D4A02262A9188730067EE1E /* MapModifier.swift */; };
		8D4A02292A921B000067EE1E /* WelcomeViewBuilder.swift in Sources */ = {isa = PBXBuildFile; fileRef = 8D4A02282A921B000067EE1E /* WelcomeViewBuilder.swift */; };
		8D4A022B2A921C160067EE1E /* SearchResultViewBuilder.swift in Sources */ = {isa = PBXBuildFile; fileRef = 8D4A022A2A921C160067EE1E /* SearchResultViewBuilder.swift */; };
		8D4A022D2A921D1D0067EE1E /* RouteMapViewBuilder.swift in Sources */ = {isa = PBXBuildFile; fileRef = 8D4A022C2A921D1D0067EE1E /* RouteMapViewBuilder.swift */; };
/* End PBXBuildFile section */

/* Begin PBXContainerItemProxy section */
		8D4A015B2A8F6E350067EE1E /* PBXContainerItemProxy */ = {
			isa = PBXContainerItemProxy;
			containerPortal = 8D4A01422A8F6E330067EE1E /* Project object */;
			proxyType = 1;
			remoteGlobalIDString = 8D4A01492A8F6E330067EE1E;
			remoteInfo = TUI;
		};
		8D4A01652A8F6E350067EE1E /* PBXContainerItemProxy */ = {
			isa = PBXContainerItemProxy;
			containerPortal = 8D4A01422A8F6E330067EE1E /* Project object */;
			proxyType = 1;
			remoteGlobalIDString = 8D4A01492A8F6E330067EE1E;
			remoteInfo = TUI;
		};
/* End PBXContainerItemProxy section */

/* Begin PBXFileReference section */
		8D4A014A2A8F6E340067EE1E /* TUI.app */ = {isa = PBXFileReference; explicitFileType = wrapper.application; includeInIndex = 0; path = TUI.app; sourceTree = BUILT_PRODUCTS_DIR; };
		8D4A014D2A8F6E340067EE1E /* TUIApp.swift */ = {isa = PBXFileReference; lastKnownFileType = sourcecode.swift; path = TUIApp.swift; sourceTree = "<group>"; };
		8D4A01512A8F6E350067EE1E /* Assets.xcassets */ = {isa = PBXFileReference; lastKnownFileType = folder.assetcatalog; path = Assets.xcassets; sourceTree = "<group>"; };
		8D4A01542A8F6E350067EE1E /* Preview Assets.xcassets */ = {isa = PBXFileReference; lastKnownFileType = folder.assetcatalog; path = "Preview Assets.xcassets"; sourceTree = "<group>"; };
		8D4A015A2A8F6E350067EE1E /* TUITests.xctest */ = {isa = PBXFileReference; explicitFileType = wrapper.cfbundle; includeInIndex = 0; path = TUITests.xctest; sourceTree = BUILT_PRODUCTS_DIR; };
		8D4A015E2A8F6E350067EE1E /* TUITests.swift */ = {isa = PBXFileReference; lastKnownFileType = sourcecode.swift; path = TUITests.swift; sourceTree = "<group>"; };
		8D4A01642A8F6E350067EE1E /* TUIUITests.xctest */ = {isa = PBXFileReference; explicitFileType = wrapper.cfbundle; includeInIndex = 0; path = TUIUITests.xctest; sourceTree = BUILT_PRODUCTS_DIR; };
		8D4A01682A8F6E350067EE1E /* TUIUITests.swift */ = {isa = PBXFileReference; lastKnownFileType = sourcecode.swift; path = TUIUITests.swift; sourceTree = "<group>"; };
		8D4A016A2A8F6E350067EE1E /* TUIUITestsLaunchTests.swift */ = {isa = PBXFileReference; lastKnownFileType = sourcecode.swift; path = TUIUITestsLaunchTests.swift; sourceTree = "<group>"; };
		8D4A01782A8F716D0067EE1E /* NetworkServiceProtocol.swift */ = {isa = PBXFileReference; fileEncoding = 4; lastKnownFileType = sourcecode.swift; path = NetworkServiceProtocol.swift; sourceTree = "<group>"; };
		8D4A01842A8F716D0067EE1E /* ConnectionsResponse.swift */ = {isa = PBXFileReference; fileEncoding = 4; lastKnownFileType = sourcecode.swift; path = ConnectionsResponse.swift; sourceTree = "<group>"; };
		8D4A01872A8F716D0067EE1E /* ConnectionsRequest.swift */ = {isa = PBXFileReference; fileEncoding = 4; lastKnownFileType = sourcecode.swift; path = ConnectionsRequest.swift; sourceTree = "<group>"; };
		8D4A018D2A8F716D0067EE1E /* NetworkingRequest.swift */ = {isa = PBXFileReference; fileEncoding = 4; lastKnownFileType = sourcecode.swift; path = NetworkingRequest.swift; sourceTree = "<group>"; };
		8D4A018F2A8F716D0067EE1E /* RequestDescriptor.swift */ = {isa = PBXFileReference; fileEncoding = 4; lastKnownFileType = sourcecode.swift; path = RequestDescriptor.swift; sourceTree = "<group>"; };
		8D4A01932A8F716D0067EE1E /* NetworkError.swift */ = {isa = PBXFileReference; fileEncoding = 4; lastKnownFileType = sourcecode.swift; path = NetworkError.swift; sourceTree = "<group>"; };
		8D4A01942A8F716D0067EE1E /* NetworkStatusCode.swift */ = {isa = PBXFileReference; fileEncoding = 4; lastKnownFileType = sourcecode.swift; path = NetworkStatusCode.swift; sourceTree = "<group>"; };
		8D4A01952A8F716D0067EE1E /* NetworkConstants.swift */ = {isa = PBXFileReference; fileEncoding = 4; lastKnownFileType = sourcecode.swift; path = NetworkConstants.swift; sourceTree = "<group>"; };
		8D4A01962A8F716D0067EE1E /* NetworkService.swift */ = {isa = PBXFileReference; fileEncoding = 4; lastKnownFileType = sourcecode.swift; path = NetworkService.swift; sourceTree = "<group>"; };
		8D4A01B12A8F85680067EE1E /* InjectionKey.swift */ = {isa = PBXFileReference; lastKnownFileType = sourcecode.swift; path = InjectionKey.swift; sourceTree = "<group>"; };
		8D4A01B42A8F85910067EE1E /* NetworkServiceInjected.swift */ = {isa = PBXFileReference; lastKnownFileType = sourcecode.swift; path = NetworkServiceInjected.swift; sourceTree = "<group>"; };
		8D4A01B62A8F86D20067EE1E /* InjectedValues.swift */ = {isa = PBXFileReference; lastKnownFileType = sourcecode.swift; path = InjectedValues.swift; sourceTree = "<group>"; };
		8D4A01B82A8F87550067EE1E /* DependencyPropertyWrapper.swift */ = {isa = PBXFileReference; lastKnownFileType = sourcecode.swift; path = DependencyPropertyWrapper.swift; sourceTree = "<group>"; };
		8D4A01BC2A8F88760067EE1E /* ConnectionsManagerProtocol.swift */ = {isa = PBXFileReference; lastKnownFileType = sourcecode.swift; path = ConnectionsManagerProtocol.swift; sourceTree = "<group>"; };
		8D4A01BE2A8F88F50067EE1E /* ConnectionsManager.swift */ = {isa = PBXFileReference; lastKnownFileType = sourcecode.swift; path = ConnectionsManager.swift; sourceTree = "<group>"; };
		8D4A01C22A8F89B30067EE1E /* AnyPublisher+.swift */ = {isa = PBXFileReference; fileEncoding = 4; lastKnownFileType = sourcecode.swift; path = "AnyPublisher+.swift"; sourceTree = "<group>"; };
		8D4A01C52A8FB5BC0067EE1E /* ConnectionsManagerInjected.swift */ = {isa = PBXFileReference; lastKnownFileType = sourcecode.swift; path = ConnectionsManagerInjected.swift; sourceTree = "<group>"; };
		8D4A01C72A8FB7340067EE1E /* HTTPMethod.swift */ = {isa = PBXFileReference; lastKnownFileType = sourcecode.swift; path = HTTPMethod.swift; sourceTree = "<group>"; };
		8D4A01C92A8FB7D70067EE1E /* ParameterEncoding.swift */ = {isa = PBXFileReference; lastKnownFileType = sourcecode.swift; path = ParameterEncoding.swift; sourceTree = "<group>"; };
		8D4A01D12A8FE3660067EE1E /* WelcomeView.swift */ = {isa = PBXFileReference; lastKnownFileType = sourcecode.swift; path = WelcomeView.swift; sourceTree = "<group>"; };
		8D4A01D32A8FF5890067EE1E /* WelcomeViewModel.swift */ = {isa = PBXFileReference; lastKnownFileType = sourcecode.swift; path = WelcomeViewModel.swift; sourceTree = "<group>"; };
		8D4A01D72A9007AD0067EE1E /* SearchResultView.swift */ = {isa = PBXFileReference; lastKnownFileType = sourcecode.swift; path = SearchResultView.swift; sourceTree = "<group>"; };
		8D4A01DB2A90144F0067EE1E /* SearchResultViewModel.swift */ = {isa = PBXFileReference; lastKnownFileType = sourcecode.swift; path = SearchResultViewModel.swift; sourceTree = "<group>"; };
		8D4A01E02A901BAC0067EE1E /* BasicTextField.swift */ = {isa = PBXFileReference; fileEncoding = 4; lastKnownFileType = sourcecode.swift; path = BasicTextField.swift; sourceTree = "<group>"; };
		8D4A01E32A901BFB0067EE1E /* CGFloat+.swift */ = {isa = PBXFileReference; fileEncoding = 4; lastKnownFileType = sourcecode.swift; path = "CGFloat+.swift"; sourceTree = "<group>"; };
		8D4A01E52A901E630067EE1E /* ColorNames.swift */ = {isa = PBXFileReference; fileEncoding = 4; lastKnownFileType = sourcecode.swift; path = ColorNames.swift; sourceTree = "<group>"; };
		8D4A01E72A901E960067EE1E /* IconNames.swift */ = {isa = PBXFileReference; fileEncoding = 4; lastKnownFileType = sourcecode.swift; path = IconNames.swift; sourceTree = "<group>"; };
		8D4A01EA2A901EF10067EE1E /* IconView.swift */ = {isa = PBXFileReference; fileEncoding = 4; lastKnownFileType = sourcecode.swift; path = IconView.swift; sourceTree = "<group>"; };
		8D4A01EF2A9021BB0067EE1E /* SearchResultItem.swift */ = {isa = PBXFileReference; fileEncoding = 4; lastKnownFileType = sourcecode.swift; path = SearchResultItem.swift; sourceTree = "<group>"; };
		8D4A01F22A90226A0067EE1E /* CityItemModifier.swift */ = {isa = PBXFileReference; lastKnownFileType = sourcecode.swift; path = CityItemModifier.swift; sourceTree = "<group>"; };
		8D4A01F42A9024CB0067EE1E /* BlockModifier.swift */ = {isa = PBXFileReference; lastKnownFileType = sourcecode.swift; path = BlockModifier.swift; sourceTree = "<group>"; };
		8D4A01F62A9024E80067EE1E /* FontBody.swift */ = {isa = PBXFileReference; fileEncoding = 4; lastKnownFileType = sourcecode.swift; path = FontBody.swift; sourceTree = "<group>"; };
		8D4A01F92A9026E40067EE1E /* PointButtonView.swift */ = {isa = PBXFileReference; lastKnownFileType = sourcecode.swift; path = PointButtonView.swift; sourceTree = "<group>"; };
		8D4A01FB2A90270A0067EE1E /* FontLabel.swift */ = {isa = PBXFileReference; lastKnownFileType = sourcecode.swift; path = FontLabel.swift; sourceTree = "<group>"; };
		8D4A01FE2A9028F00067EE1E /* PrimaryButtonStyle.swift */ = {isa = PBXFileReference; fileEncoding = 4; lastKnownFileType = sourcecode.swift; path = PrimaryButtonStyle.swift; sourceTree = "<group>"; };
		8D4A02012A902A580067EE1E /* SearchType.swift */ = {isa = PBXFileReference; lastKnownFileType = sourcecode.swift; path = SearchType.swift; sourceTree = "<group>"; };
		8D4A02052A902B8A0067EE1E /* en */ = {isa = PBXFileReference; lastKnownFileType = text.plist.strings; name = en; path = en.lproj/Localizable.strings; sourceTree = "<group>"; };
		8D4A02062A902B8A0067EE1E /* LocalizationKeys.swift */ = {isa = PBXFileReference; fileEncoding = 4; lastKnownFileType = sourcecode.swift; path = LocalizationKeys.swift; sourceTree = "<group>"; };
		8D4A020A2A902E280067EE1E /* LocationManager.swift */ = {isa = PBXFileReference; lastKnownFileType = sourcecode.swift; path = LocationManager.swift; sourceTree = "<group>"; };
		8D4A020F2A9034430067EE1E /* LocationError.swift */ = {isa = PBXFileReference; fileEncoding = 4; lastKnownFileType = sourcecode.swift; path = LocationError.swift; sourceTree = "<group>"; };
		8D4A02122A90346F0067EE1E /* LocationManagerProtocol.swift */ = {isa = PBXFileReference; lastKnownFileType = sourcecode.swift; path = LocationManagerProtocol.swift; sourceTree = "<group>"; };
		8D4A02142A90350D0067EE1E /* LocationManagerInjected.swift */ = {isa = PBXFileReference; lastKnownFileType = sourcecode.swift; path = LocationManagerInjected.swift; sourceTree = "<group>"; };
		8D4A02162A90392F0067EE1E /* NotFoundView.swift */ = {isa = PBXFileReference; lastKnownFileType = sourcecode.swift; path = NotFoundView.swift; sourceTree = "<group>"; };
		8D4A02182A9047C80067EE1E /* IsLoadingModifier.swift */ = {isa = PBXFileReference; fileEncoding = 4; lastKnownFileType = sourcecode.swift; path = IsLoadingModifier.swift; sourceTree = "<group>"; };
		8D4A021A2A9049550067EE1E /* RouteResultView.swift */ = {isa = PBXFileReference; lastKnownFileType = sourcecode.swift; path = RouteResultView.swift; sourceTree = "<group>"; };
		8D4A021C2A904FE00067EE1E /* RouteMapView.swift */ = {isa = PBXFileReference; lastKnownFileType = sourcecode.swift; path = RouteMapView.swift; sourceTree = "<group>"; };
		8D4A021F2A9134FD0067EE1E /* RouteMapViewModel.swift */ = {isa = PBXFileReference; lastKnownFileType = sourcecode.swift; path = RouteMapViewModel.swift; sourceTree = "<group>"; };
		8D4A02242A9187D30067EE1E /* MapView.swift */ = {isa = PBXFileReference; lastKnownFileType = sourcecode.swift; path = MapView.swift; sourceTree = "<group>"; };
		8D4A02262A9188730067EE1E /* MapModifier.swift */ = {isa = PBXFileReference; lastKnownFileType = sourcecode.swift; path = MapModifier.swift; sourceTree = "<group>"; };
		8D4A02282A921B000067EE1E /* WelcomeViewBuilder.swift */ = {isa = PBXFileReference; lastKnownFileType = sourcecode.swift; path = WelcomeViewBuilder.swift; sourceTree = "<group>"; };
		8D4A022A2A921C160067EE1E /* SearchResultViewBuilder.swift */ = {isa = PBXFileReference; lastKnownFileType = sourcecode.swift; path = SearchResultViewBuilder.swift; sourceTree = "<group>"; };
		8D4A022C2A921D1D0067EE1E /* RouteMapViewBuilder.swift */ = {isa = PBXFileReference; lastKnownFileType = sourcecode.swift; path = RouteMapViewBuilder.swift; sourceTree = "<group>"; };
/* End PBXFileReference section */

/* Begin PBXFrameworksBuildPhase section */
		8D4A01472A8F6E330067EE1E /* Frameworks */ = {
			isa = PBXFrameworksBuildPhase;
			buildActionMask = 2147483647;
			files = (
			);
			runOnlyForDeploymentPostprocessing = 0;
		};
		8D4A01572A8F6E350067EE1E /* Frameworks */ = {
			isa = PBXFrameworksBuildPhase;
			buildActionMask = 2147483647;
			files = (
			);
			runOnlyForDeploymentPostprocessing = 0;
		};
		8D4A01612A8F6E350067EE1E /* Frameworks */ = {
			isa = PBXFrameworksBuildPhase;
			buildActionMask = 2147483647;
			files = (
			);
			runOnlyForDeploymentPostprocessing = 0;
		};
/* End PBXFrameworksBuildPhase section */

/* Begin PBXGroup section */
		8D4A01412A8F6E330067EE1E = {
			isa = PBXGroup;
			children = (
				8D4A014C2A8F6E340067EE1E /* TUI */,
				8D4A015D2A8F6E350067EE1E /* TUITests */,
				8D4A01672A8F6E350067EE1E /* TUIUITests */,
				8D4A014B2A8F6E340067EE1E /* Products */,
			);
			sourceTree = "<group>";
		};
		8D4A014B2A8F6E340067EE1E /* Products */ = {
			isa = PBXGroup;
			children = (
				8D4A014A2A8F6E340067EE1E /* TUI.app */,
				8D4A015A2A8F6E350067EE1E /* TUITests.xctest */,
				8D4A01642A8F6E350067EE1E /* TUIUITests.xctest */,
			);
			name = Products;
			sourceTree = "<group>";
		};
		8D4A014C2A8F6E340067EE1E /* TUI */ = {
			isa = PBXGroup;
			children = (
				8D4A01C02A8F89850067EE1E /* Shared */,
				8D4A01AF2A8F85570067EE1E /* DI */,
				8D4A01AE2A8F7DC20067EE1E /* Services */,
				8D4A01BA2A8F88330067EE1E /* Managers */,
				8D4A01CD2A8FDB010067EE1E /* Modules */,
				8D4A01AD2A8F7DAE0067EE1E /* System */,
				8D4A01532A8F6E350067EE1E /* Preview Content */,
			);
			path = TUI;
			sourceTree = "<group>";
		};
		8D4A01532A8F6E350067EE1E /* Preview Content */ = {
			isa = PBXGroup;
			children = (
				8D4A01542A8F6E350067EE1E /* Preview Assets.xcassets */,
			);
			path = "Preview Content";
			sourceTree = "<group>";
		};
		8D4A015D2A8F6E350067EE1E /* TUITests */ = {
			isa = PBXGroup;
			children = (
				8D4A015E2A8F6E350067EE1E /* TUITests.swift */,
			);
			path = TUITests;
			sourceTree = "<group>";
		};
		8D4A01672A8F6E350067EE1E /* TUIUITests */ = {
			isa = PBXGroup;
			children = (
				8D4A01682A8F6E350067EE1E /* TUIUITests.swift */,
				8D4A016A2A8F6E350067EE1E /* TUIUITestsLaunchTests.swift */,
			);
			path = TUIUITests;
			sourceTree = "<group>";
		};
		8D4A01772A8F716D0067EE1E /* NetworkService */ = {
			isa = PBXGroup;
			children = (
				8D4A01792A8F716D0067EE1E /* Shared */,
				8D4A01782A8F716D0067EE1E /* NetworkServiceProtocol.swift */,
				8D4A01962A8F716D0067EE1E /* NetworkService.swift */,
			);
			path = NetworkService;
			sourceTree = "<group>";
		};
		8D4A01792A8F716D0067EE1E /* Shared */ = {
			isa = PBXGroup;
			children = (
				8D4A017A2A8F716D0067EE1E /* Responses */,
				8D4A01852A8F716D0067EE1E /* Requests */,
				8D4A01932A8F716D0067EE1E /* NetworkError.swift */,
				8D4A01C92A8FB7D70067EE1E /* ParameterEncoding.swift */,
				8D4A01C72A8FB7340067EE1E /* HTTPMethod.swift */,
				8D4A01942A8F716D0067EE1E /* NetworkStatusCode.swift */,
				8D4A01952A8F716D0067EE1E /* NetworkConstants.swift */,
			);
			path = Shared;
			sourceTree = "<group>";
		};
		8D4A017A2A8F716D0067EE1E /* Responses */ = {
			isa = PBXGroup;
			children = (
				8D4A01822A8F716D0067EE1E /* ConnectionsResponse */,
			);
			path = Responses;
			sourceTree = "<group>";
		};
		8D4A01822A8F716D0067EE1E /* ConnectionsResponse */ = {
			isa = PBXGroup;
			children = (
				8D4A01842A8F716D0067EE1E /* ConnectionsResponse.swift */,
			);
			path = ConnectionsResponse;
			sourceTree = "<group>";
		};
		8D4A01852A8F716D0067EE1E /* Requests */ = {
			isa = PBXGroup;
			children = (
				8D4A01862A8F716D0067EE1E /* Usage */,
				8D4A018C2A8F716D0067EE1E /* Helpers */,
			);
			path = Requests;
			sourceTree = "<group>";
		};
		8D4A01862A8F716D0067EE1E /* Usage */ = {
			isa = PBXGroup;
			children = (
				8D4A01872A8F716D0067EE1E /* ConnectionsRequest.swift */,
			);
			path = Usage;
			sourceTree = "<group>";
		};
		8D4A018C2A8F716D0067EE1E /* Helpers */ = {
			isa = PBXGroup;
			children = (
				8D4A018D2A8F716D0067EE1E /* NetworkingRequest.swift */,
				8D4A018F2A8F716D0067EE1E /* RequestDescriptor.swift */,
			);
			path = Helpers;
			sourceTree = "<group>";
		};
		8D4A01AD2A8F7DAE0067EE1E /* System */ = {
			isa = PBXGroup;
			children = (
				8D4A014D2A8F6E340067EE1E /* TUIApp.swift */,
				8D4A01512A8F6E350067EE1E /* Assets.xcassets */,
			);
			path = System;
			sourceTree = "<group>";
		};
		8D4A01AE2A8F7DC20067EE1E /* Services */ = {
			isa = PBXGroup;
			children = (
				8D4A01772A8F716D0067EE1E /* NetworkService */,
			);
			path = Services;
			sourceTree = "<group>";
		};
		8D4A01AF2A8F85570067EE1E /* DI */ = {
			isa = PBXGroup;
			children = (
				8D4A01B02A8F855E0067EE1E /* Shared */,
				8D4A01B82A8F87550067EE1E /* DependencyPropertyWrapper.swift */,
			);
			path = DI;
			sourceTree = "<group>";
		};
		8D4A01B02A8F855E0067EE1E /* Shared */ = {
			isa = PBXGroup;
			children = (
				8D4A01C42A8FB5A10067EE1E /* InjectedKeys */,
				8D4A01B12A8F85680067EE1E /* InjectionKey.swift */,
				8D4A01B62A8F86D20067EE1E /* InjectedValues.swift */,
			);
			path = Shared;
			sourceTree = "<group>";
		};
		8D4A01BA2A8F88330067EE1E /* Managers */ = {
			isa = PBXGroup;
			children = (
				8D4A02092A902E1C0067EE1E /* LocationManager */,
				8D4A01BB2A8F88400067EE1E /* ConnectionsManager */,
			);
			path = Managers;
			sourceTree = "<group>";
		};
		8D4A01BB2A8F88400067EE1E /* ConnectionsManager */ = {
			isa = PBXGroup;
			children = (
				8D4A01BC2A8F88760067EE1E /* ConnectionsManagerProtocol.swift */,
				8D4A01BE2A8F88F50067EE1E /* ConnectionsManager.swift */,
			);
			path = ConnectionsManager;
			sourceTree = "<group>";
		};
		8D4A01C02A8F89850067EE1E /* Shared */ = {
			isa = PBXGroup;
			children = (
				8D4A02032A902B8A0067EE1E /* Localization */,
				8D4A01DD2A901B6C0067EE1E /* UI */,
				8D4A01C12A8F89940067EE1E /* Extensions */,
			);
			path = Shared;
			sourceTree = "<group>";
		};
		8D4A01C12A8F89940067EE1E /* Extensions */ = {
			isa = PBXGroup;
			children = (
				8D4A01E32A901BFB0067EE1E /* CGFloat+.swift */,
				8D4A01C22A8F89B30067EE1E /* AnyPublisher+.swift */,
			);
			path = Extensions;
			sourceTree = "<group>";
		};
		8D4A01C42A8FB5A10067EE1E /* InjectedKeys */ = {
			isa = PBXGroup;
			children = (
				8D4A01B42A8F85910067EE1E /* NetworkServiceInjected.swift */,
				8D4A01C52A8FB5BC0067EE1E /* ConnectionsManagerInjected.swift */,
				8D4A02142A90350D0067EE1E /* LocationManagerInjected.swift */,
			);
			path = InjectedKeys;
			sourceTree = "<group>";
		};
		8D4A01CD2A8FDB010067EE1E /* Modules */ = {
			isa = PBXGroup;
			children = (
				8D4A01D62A90079C0067EE1E /* SearchResult */,
				8D4A01CE2A8FDC750067EE1E /* Welcome */,
			);
			path = Modules;
			sourceTree = "<group>";
		};
		8D4A01CE2A8FDC750067EE1E /* Welcome */ = {
			isa = PBXGroup;
			children = (
				8D4A02002A902A4A0067EE1E /* Shared */,
				8D4A01D02A8FE35D0067EE1E /* ViewModel */,
				8D4A01CF2A8FE3590067EE1E /* View */,
			);
			path = Welcome;
			sourceTree = "<group>";
		};
		8D4A01CF2A8FE3590067EE1E /* View */ = {
			isa = PBXGroup;
			children = (
				8D4A01D52A9007980067EE1E /* Subviews */,
				8D4A01D12A8FE3660067EE1E /* WelcomeView.swift */,
				8D4A02282A921B000067EE1E /* WelcomeViewBuilder.swift */,
			);
			path = View;
			sourceTree = "<group>";
		};
		8D4A01D02A8FE35D0067EE1E /* ViewModel */ = {
			isa = PBXGroup;
			children = (
				8D4A01D32A8FF5890067EE1E /* WelcomeViewModel.swift */,
			);
			path = ViewModel;
			sourceTree = "<group>";
		};
		8D4A01D52A9007980067EE1E /* Subviews */ = {
			isa = PBXGroup;
			children = (
				8D4A01F92A9026E40067EE1E /* PointButtonView.swift */,
				8D4A021A2A9049550067EE1E /* RouteResultView.swift */,
				8D4A021E2A9134EE0067EE1E /* RouteMapView */,
			);
			path = Subviews;
			sourceTree = "<group>";
		};
		8D4A01D62A90079C0067EE1E /* SearchResult */ = {
			isa = PBXGroup;
			children = (
				8D4A01D92A90143E0067EE1E /* ViewModel */,
				8D4A01DA2A9014410067EE1E /* View */,
			);
			path = SearchResult;
			sourceTree = "<group>";
		};
		8D4A01D92A90143E0067EE1E /* ViewModel */ = {
			isa = PBXGroup;
			children = (
				8D4A01DB2A90144F0067EE1E /* SearchResultViewModel.swift */,
			);
			path = ViewModel;
			sourceTree = "<group>";
		};
		8D4A01DA2A9014410067EE1E /* View */ = {
			isa = PBXGroup;
			children = (
				8D4A01EC2A9021180067EE1E /* Subviews */,
				8D4A01D72A9007AD0067EE1E /* SearchResultView.swift */,
				8D4A022A2A921C160067EE1E /* SearchResultViewBuilder.swift */,
			);
			path = View;
			sourceTree = "<group>";
		};
		8D4A01DD2A901B6C0067EE1E /* UI */ = {
			isa = PBXGroup;
			children = (
				8D4A01F12A9022520067EE1E /* Modifiers */,
				8D4A01E92A901EE20067EE1E /* CustomViews */,
				8D4A01E22A901BD40067EE1E /* Shared */,
				8D4A01DE2A901B730067EE1E /* Styles */,
			);
			path = UI;
			sourceTree = "<group>";
		};
		8D4A01DE2A901B730067EE1E /* Styles */ = {
			isa = PBXGroup;
			children = (
				8D4A01FD2A90289C0067EE1E /* ButtonStyles */,
				8D4A01F82A9024E90067EE1E /* FontStyles */,
				8D4A01DF2A901B7B0067EE1E /* TextFieldStyles */,
			);
			path = Styles;
			sourceTree = "<group>";
		};
		8D4A01DF2A901B7B0067EE1E /* TextFieldStyles */ = {
			isa = PBXGroup;
			children = (
				8D4A01E02A901BAC0067EE1E /* BasicTextField.swift */,
			);
			path = TextFieldStyles;
			sourceTree = "<group>";
		};
		8D4A01E22A901BD40067EE1E /* Shared */ = {
			isa = PBXGroup;
			children = (
				8D4A01E72A901E960067EE1E /* IconNames.swift */,
				8D4A01E52A901E630067EE1E /* ColorNames.swift */,
			);
			path = Shared;
			sourceTree = "<group>";
		};
		8D4A01E92A901EE20067EE1E /* CustomViews */ = {
			isa = PBXGroup;
			children = (
				8D4A01EA2A901EF10067EE1E /* IconView.swift */,
			);
			path = CustomViews;
			sourceTree = "<group>";
		};
		8D4A01EC2A9021180067EE1E /* Subviews */ = {
			isa = PBXGroup;
			children = (
				8D4A01EF2A9021BB0067EE1E /* SearchResultItem.swift */,
				8D4A02162A90392F0067EE1E /* NotFoundView.swift */,
			);
			path = Subviews;
			sourceTree = "<group>";
		};
		8D4A01F12A9022520067EE1E /* Modifiers */ = {
			isa = PBXGroup;
			children = (
				8D4A02182A9047C80067EE1E /* IsLoadingModifier.swift */,
				8D4A01F22A90226A0067EE1E /* CityItemModifier.swift */,
				8D4A01F42A9024CB0067EE1E /* BlockModifier.swift */,
				8D4A02262A9188730067EE1E /* MapModifier.swift */,
			);
			path = Modifiers;
			sourceTree = "<group>";
		};
		8D4A01F82A9024E90067EE1E /* FontStyles */ = {
			isa = PBXGroup;
			children = (
				8D4A01F62A9024E80067EE1E /* FontBody.swift */,
				8D4A01FB2A90270A0067EE1E /* FontLabel.swift */,
			);
			path = FontStyles;
			sourceTree = "<group>";
		};
		8D4A01FD2A90289C0067EE1E /* ButtonStyles */ = {
			isa = PBXGroup;
			children = (
				8D4A01FE2A9028F00067EE1E /* PrimaryButtonStyle.swift */,
			);
			path = ButtonStyles;
			sourceTree = "<group>";
		};
		8D4A02002A902A4A0067EE1E /* Shared */ = {
			isa = PBXGroup;
			children = (
				8D4A02012A902A580067EE1E /* SearchType.swift */,
			);
			path = Shared;
			sourceTree = "<group>";
		};
		8D4A02032A902B8A0067EE1E /* Localization */ = {
			isa = PBXGroup;
			children = (
				8D4A02042A902B8A0067EE1E /* Localizable.strings */,
				8D4A02062A902B8A0067EE1E /* LocalizationKeys.swift */,
			);
			path = Localization;
			sourceTree = "<group>";
		};
		8D4A02092A902E1C0067EE1E /* LocationManager */ = {
			isa = PBXGroup;
			children = (
				8D4A02112A9034460067EE1E /* Shared */,
				8D4A02122A90346F0067EE1E /* LocationManagerProtocol.swift */,
				8D4A020A2A902E280067EE1E /* LocationManager.swift */,
			);
			path = LocationManager;
			sourceTree = "<group>";
		};
		8D4A02112A9034460067EE1E /* Shared */ = {
			isa = PBXGroup;
			children = (
				8D4A020F2A9034430067EE1E /* LocationError.swift */,
			);
			path = Shared;
			sourceTree = "<group>";
		};
		8D4A021E2A9134EE0067EE1E /* RouteMapView */ = {
			isa = PBXGroup;
			children = (
				8D4A02212A9135140067EE1E /* ViewModel */,
				8D4A02222A91351A0067EE1E /* View */,
			);
			path = RouteMapView;
			sourceTree = "<group>";
		};
		8D4A02212A9135140067EE1E /* ViewModel */ = {
			isa = PBXGroup;
			children = (
				8D4A021F2A9134FD0067EE1E /* RouteMapViewModel.swift */,
			);
			path = ViewModel;
			sourceTree = "<group>";
		};
		8D4A02222A91351A0067EE1E /* View */ = {
			isa = PBXGroup;
			children = (
				8D4A02232A9187C90067EE1E /* Subviews */,
				8D4A021C2A904FE00067EE1E /* RouteMapView.swift */,
				8D4A022C2A921D1D0067EE1E /* RouteMapViewBuilder.swift */,
			);
			path = View;
			sourceTree = "<group>";
		};
		8D4A02232A9187C90067EE1E /* Subviews */ = {
			isa = PBXGroup;
			children = (
				8D4A02242A9187D30067EE1E /* MapView.swift */,
			);
			path = Subviews;
			sourceTree = "<group>";
		};
/* End PBXGroup section */

/* Begin PBXNativeTarget section */
		8D4A01492A8F6E330067EE1E /* TUI */ = {
			isa = PBXNativeTarget;
			buildConfigurationList = 8D4A016E2A8F6E350067EE1E /* Build configuration list for PBXNativeTarget "TUI" */;
			buildPhases = (
				8D4A01462A8F6E330067EE1E /* Sources */,
				8D4A01472A8F6E330067EE1E /* Frameworks */,
				8D4A01482A8F6E330067EE1E /* Resources */,
			);
			buildRules = (
			);
			dependencies = (
			);
			name = TUI;
			productName = TUI;
			productReference = 8D4A014A2A8F6E340067EE1E /* TUI.app */;
			productType = "com.apple.product-type.application";
		};
		8D4A01592A8F6E350067EE1E /* TUITests */ = {
			isa = PBXNativeTarget;
			buildConfigurationList = 8D4A01712A8F6E350067EE1E /* Build configuration list for PBXNativeTarget "TUITests" */;
			buildPhases = (
				8D4A01562A8F6E350067EE1E /* Sources */,
				8D4A01572A8F6E350067EE1E /* Frameworks */,
				8D4A01582A8F6E350067EE1E /* Resources */,
			);
			buildRules = (
			);
			dependencies = (
				8D4A015C2A8F6E350067EE1E /* PBXTargetDependency */,
			);
			name = TUITests;
			productName = TUITests;
			productReference = 8D4A015A2A8F6E350067EE1E /* TUITests.xctest */;
			productType = "com.apple.product-type.bundle.unit-test";
		};
		8D4A01632A8F6E350067EE1E /* TUIUITests */ = {
			isa = PBXNativeTarget;
			buildConfigurationList = 8D4A01742A8F6E350067EE1E /* Build configuration list for PBXNativeTarget "TUIUITests" */;
			buildPhases = (
				8D4A01602A8F6E350067EE1E /* Sources */,
				8D4A01612A8F6E350067EE1E /* Frameworks */,
				8D4A01622A8F6E350067EE1E /* Resources */,
			);
			buildRules = (
			);
			dependencies = (
				8D4A01662A8F6E350067EE1E /* PBXTargetDependency */,
			);
			name = TUIUITests;
			productName = TUIUITests;
			productReference = 8D4A01642A8F6E350067EE1E /* TUIUITests.xctest */;
			productType = "com.apple.product-type.bundle.ui-testing";
		};
/* End PBXNativeTarget section */

/* Begin PBXProject section */
		8D4A01422A8F6E330067EE1E /* Project object */ = {
			isa = PBXProject;
			attributes = {
				BuildIndependentTargetsInParallel = 1;
				LastSwiftUpdateCheck = 1430;
				LastUpgradeCheck = 1430;
				TargetAttributes = {
					8D4A01492A8F6E330067EE1E = {
						CreatedOnToolsVersion = 14.3.1;
					};
					8D4A01592A8F6E350067EE1E = {
						CreatedOnToolsVersion = 14.3.1;
						TestTargetID = 8D4A01492A8F6E330067EE1E;
					};
					8D4A01632A8F6E350067EE1E = {
						CreatedOnToolsVersion = 14.3.1;
						TestTargetID = 8D4A01492A8F6E330067EE1E;
					};
				};
			};
			buildConfigurationList = 8D4A01452A8F6E330067EE1E /* Build configuration list for PBXProject "TUI" */;
			compatibilityVersion = "Xcode 14.0";
			developmentRegion = en;
			hasScannedForEncodings = 0;
			knownRegions = (
				en,
				Base,
			);
			mainGroup = 8D4A01412A8F6E330067EE1E;
			productRefGroup = 8D4A014B2A8F6E340067EE1E /* Products */;
			projectDirPath = "";
			projectRoot = "";
			targets = (
				8D4A01492A8F6E330067EE1E /* TUI */,
				8D4A01592A8F6E350067EE1E /* TUITests */,
				8D4A01632A8F6E350067EE1E /* TUIUITests */,
			);
		};
/* End PBXProject section */

/* Begin PBXResourcesBuildPhase section */
		8D4A01482A8F6E330067EE1E /* Resources */ = {
			isa = PBXResourcesBuildPhase;
			buildActionMask = 2147483647;
			files = (
				8D4A01552A8F6E350067EE1E /* Preview Assets.xcassets in Resources */,
				8D4A02072A902B8A0067EE1E /* Localizable.strings in Resources */,
				8D4A01522A8F6E350067EE1E /* Assets.xcassets in Resources */,
			);
			runOnlyForDeploymentPostprocessing = 0;
		};
		8D4A01582A8F6E350067EE1E /* Resources */ = {
			isa = PBXResourcesBuildPhase;
			buildActionMask = 2147483647;
			files = (
			);
			runOnlyForDeploymentPostprocessing = 0;
		};
		8D4A01622A8F6E350067EE1E /* Resources */ = {
			isa = PBXResourcesBuildPhase;
			buildActionMask = 2147483647;
			files = (
			);
			runOnlyForDeploymentPostprocessing = 0;
		};
/* End PBXResourcesBuildPhase section */

/* Begin PBXSourcesBuildPhase section */
		8D4A01462A8F6E330067EE1E /* Sources */ = {
			isa = PBXSourcesBuildPhase;
			buildActionMask = 2147483647;
			files = (
				8D4A01FF2A9028F00067EE1E /* PrimaryButtonStyle.swift in Sources */,
				8D4A02252A9187D30067EE1E /* MapView.swift in Sources */,
				8D4A01C82A8FB7340067EE1E /* HTTPMethod.swift in Sources */,
				8D4A02292A921B000067EE1E /* WelcomeViewBuilder.swift in Sources */,
				8D4A02272A9188730067EE1E /* MapModifier.swift in Sources */,
				8D4A019D2A8F716D0067EE1E /* ConnectionsResponse.swift in Sources */,
				8D4A01CA2A8FB7D70067EE1E /* ParameterEncoding.swift in Sources */,
				8D4A01BF2A8F88F50067EE1E /* ConnectionsManager.swift in Sources */,
				8D4A01F72A9024E80067EE1E /* FontBody.swift in Sources */,
				8D4A01C32A8F89B30067EE1E /* AnyPublisher+.swift in Sources */,
				8D4A021D2A904FE00067EE1E /* RouteMapView.swift in Sources */,
				8D4A02172A90392F0067EE1E /* NotFoundView.swift in Sources */,
				8D4A01B52A8F85910067EE1E /* NetworkServiceInjected.swift in Sources */,
				8D4A01B72A8F86D20067EE1E /* InjectedValues.swift in Sources */,
				8D4A01B22A8F85680067EE1E /* InjectionKey.swift in Sources */,
				8D4A01F52A9024CB0067EE1E /* BlockModifier.swift in Sources */,
				8D4A01D82A9007AD0067EE1E /* SearchResultView.swift in Sources */,
				8D4A014E2A8F6E340067EE1E /* TUIApp.swift in Sources */,
				8D4A01A32A8F716D0067EE1E /* NetworkingRequest.swift in Sources */,
				8D4A02192A9047C80067EE1E /* IsLoadingModifier.swift in Sources */,
				8D4A02022A902A580067EE1E /* SearchType.swift in Sources */,
				8D4A01AC2A8F716D0067EE1E /* NetworkService.swift in Sources */,
				8D4A01B92A8F87550067EE1E /* DependencyPropertyWrapper.swift in Sources */,
				8D4A02102A9034430067EE1E /* LocationError.swift in Sources */,
				8D4A01C62A8FB5BC0067EE1E /* ConnectionsManagerInjected.swift in Sources */,
				8D4A022B2A921C160067EE1E /* SearchResultViewBuilder.swift in Sources */,
				8D4A01E12A901BAC0067EE1E /* BasicTextField.swift in Sources */,
				8D4A01F32A90226A0067EE1E /* CityItemModifier.swift in Sources */,
				8D4A01FC2A90270A0067EE1E /* FontLabel.swift in Sources */,
				8D4A01E62A901E630067EE1E /* ColorNames.swift in Sources */,
				8D4A02202A9134FD0067EE1E /* RouteMapViewModel.swift in Sources */,
				8D4A02082A902B8A0067EE1E /* LocalizationKeys.swift in Sources */,
				8D4A01D22A8FE3660067EE1E /* WelcomeView.swift in Sources */,
				8D4A01972A8F716D0067EE1E /* NetworkServiceProtocol.swift in Sources */,
				8D4A01EB2A901EF10067EE1E /* IconView.swift in Sources */,
				8D4A01AA2A8F716D0067EE1E /* NetworkStatusCode.swift in Sources */,
				8D4A01E82A901E960067EE1E /* IconNames.swift in Sources */,
				8D4A021B2A9049550067EE1E /* RouteResultView.swift in Sources */,
				8D4A01E42A901BFB0067EE1E /* CGFloat+.swift in Sources */,
				8D4A022D2A921D1D0067EE1E /* RouteMapViewBuilder.swift in Sources */,
				8D4A01A92A8F716D0067EE1E /* NetworkError.swift in Sources */,
				8D4A01F02A9021BB0067EE1E /* SearchResultItem.swift in Sources */,
				8D4A02132A90346F0067EE1E /* LocationManagerProtocol.swift in Sources */,
				8D4A01FA2A9026E40067EE1E /* PointButtonView.swift in Sources */,
				8D4A01DC2A90144F0067EE1E /* SearchResultViewModel.swift in Sources */,
				8D4A01D42A8FF5890067EE1E /* WelcomeViewModel.swift in Sources */,
				8D4A019E2A8F716D0067EE1E /* ConnectionsRequest.swift in Sources */,
				8D4A01A52A8F716D0067EE1E /* RequestDescriptor.swift in Sources */,
				8D4A02152A90350D0067EE1E /* LocationManagerInjected.swift in Sources */,
				8D4A01AB2A8F716D0067EE1E /* NetworkConstants.swift in Sources */,
				8D4A01BD2A8F88760067EE1E /* ConnectionsManagerProtocol.swift in Sources */,
				8D4A020B2A902E290067EE1E /* LocationManager.swift in Sources */,
			);
			runOnlyForDeploymentPostprocessing = 0;
		};
		8D4A01562A8F6E350067EE1E /* Sources */ = {
			isa = PBXSourcesBuildPhase;
			buildActionMask = 2147483647;
			files = (
				8D4A015F2A8F6E350067EE1E /* TUITests.swift in Sources */,
			);
			runOnlyForDeploymentPostprocessing = 0;
		};
		8D4A01602A8F6E350067EE1E /* Sources */ = {
			isa = PBXSourcesBuildPhase;
			buildActionMask = 2147483647;
			files = (
				8D4A01692A8F6E350067EE1E /* TUIUITests.swift in Sources */,
				8D4A016B2A8F6E350067EE1E /* TUIUITestsLaunchTests.swift in Sources */,
			);
			runOnlyForDeploymentPostprocessing = 0;
		};
/* End PBXSourcesBuildPhase section */

/* Begin PBXTargetDependency section */
		8D4A015C2A8F6E350067EE1E /* PBXTargetDependency */ = {
			isa = PBXTargetDependency;
			target = 8D4A01492A8F6E330067EE1E /* TUI */;
			targetProxy = 8D4A015B2A8F6E350067EE1E /* PBXContainerItemProxy */;
		};
		8D4A01662A8F6E350067EE1E /* PBXTargetDependency */ = {
			isa = PBXTargetDependency;
			target = 8D4A01492A8F6E330067EE1E /* TUI */;
			targetProxy = 8D4A01652A8F6E350067EE1E /* PBXContainerItemProxy */;
		};
/* End PBXTargetDependency section */

/* Begin PBXVariantGroup section */
		8D4A02042A902B8A0067EE1E /* Localizable.strings */ = {
			isa = PBXVariantGroup;
			children = (
				8D4A02052A902B8A0067EE1E /* en */,
			);
			name = Localizable.strings;
			sourceTree = "<group>";
		};
/* End PBXVariantGroup section */

/* Begin XCBuildConfiguration section */
		8D4A016C2A8F6E350067EE1E /* Debug */ = {
			isa = XCBuildConfiguration;
			buildSettings = {
				ALWAYS_SEARCH_USER_PATHS = NO;
				CLANG_ANALYZER_NONNULL = YES;
				CLANG_ANALYZER_NUMBER_OBJECT_CONVERSION = YES_AGGRESSIVE;
				CLANG_CXX_LANGUAGE_STANDARD = "gnu++20";
				CLANG_ENABLE_MODULES = YES;
				CLANG_ENABLE_OBJC_ARC = YES;
				CLANG_ENABLE_OBJC_WEAK = YES;
				CLANG_WARN_BLOCK_CAPTURE_AUTORELEASING = YES;
				CLANG_WARN_BOOL_CONVERSION = YES;
				CLANG_WARN_COMMA = YES;
				CLANG_WARN_CONSTANT_CONVERSION = YES;
				CLANG_WARN_DEPRECATED_OBJC_IMPLEMENTATIONS = YES;
				CLANG_WARN_DIRECT_OBJC_ISA_USAGE = YES_ERROR;
				CLANG_WARN_DOCUMENTATION_COMMENTS = YES;
				CLANG_WARN_EMPTY_BODY = YES;
				CLANG_WARN_ENUM_CONVERSION = YES;
				CLANG_WARN_INFINITE_RECURSION = YES;
				CLANG_WARN_INT_CONVERSION = YES;
				CLANG_WARN_NON_LITERAL_NULL_CONVERSION = YES;
				CLANG_WARN_OBJC_IMPLICIT_RETAIN_SELF = YES;
				CLANG_WARN_OBJC_LITERAL_CONVERSION = YES;
				CLANG_WARN_OBJC_ROOT_CLASS = YES_ERROR;
				CLANG_WARN_QUOTED_INCLUDE_IN_FRAMEWORK_HEADER = YES;
				CLANG_WARN_RANGE_LOOP_ANALYSIS = YES;
				CLANG_WARN_STRICT_PROTOTYPES = YES;
				CLANG_WARN_SUSPICIOUS_MOVE = YES;
				CLANG_WARN_UNGUARDED_AVAILABILITY = YES_AGGRESSIVE;
				CLANG_WARN_UNREACHABLE_CODE = YES;
				CLANG_WARN__DUPLICATE_METHOD_MATCH = YES;
				COPY_PHASE_STRIP = NO;
				DEBUG_INFORMATION_FORMAT = dwarf;
				ENABLE_STRICT_OBJC_MSGSEND = YES;
				ENABLE_TESTABILITY = YES;
				GCC_C_LANGUAGE_STANDARD = gnu11;
				GCC_DYNAMIC_NO_PIC = NO;
				GCC_NO_COMMON_BLOCKS = YES;
				GCC_OPTIMIZATION_LEVEL = 0;
				GCC_PREPROCESSOR_DEFINITIONS = (
					"DEBUG=1",
					"$(inherited)",
				);
				GCC_WARN_64_TO_32_BIT_CONVERSION = YES;
				GCC_WARN_ABOUT_RETURN_TYPE = YES_ERROR;
				GCC_WARN_UNDECLARED_SELECTOR = YES;
				GCC_WARN_UNINITIALIZED_AUTOS = YES_AGGRESSIVE;
				GCC_WARN_UNUSED_FUNCTION = YES;
				GCC_WARN_UNUSED_VARIABLE = YES;
				IPHONEOS_DEPLOYMENT_TARGET = 16.4;
				MTL_ENABLE_DEBUG_INFO = INCLUDE_SOURCE;
				MTL_FAST_MATH = YES;
				ONLY_ACTIVE_ARCH = YES;
				SDKROOT = iphoneos;
				SWIFT_ACTIVE_COMPILATION_CONDITIONS = DEBUG;
				SWIFT_OPTIMIZATION_LEVEL = "-Onone";
			};
			name = Debug;
		};
		8D4A016D2A8F6E350067EE1E /* Release */ = {
			isa = XCBuildConfiguration;
			buildSettings = {
				ALWAYS_SEARCH_USER_PATHS = NO;
				CLANG_ANALYZER_NONNULL = YES;
				CLANG_ANALYZER_NUMBER_OBJECT_CONVERSION = YES_AGGRESSIVE;
				CLANG_CXX_LANGUAGE_STANDARD = "gnu++20";
				CLANG_ENABLE_MODULES = YES;
				CLANG_ENABLE_OBJC_ARC = YES;
				CLANG_ENABLE_OBJC_WEAK = YES;
				CLANG_WARN_BLOCK_CAPTURE_AUTORELEASING = YES;
				CLANG_WARN_BOOL_CONVERSION = YES;
				CLANG_WARN_COMMA = YES;
				CLANG_WARN_CONSTANT_CONVERSION = YES;
				CLANG_WARN_DEPRECATED_OBJC_IMPLEMENTATIONS = YES;
				CLANG_WARN_DIRECT_OBJC_ISA_USAGE = YES_ERROR;
				CLANG_WARN_DOCUMENTATION_COMMENTS = YES;
				CLANG_WARN_EMPTY_BODY = YES;
				CLANG_WARN_ENUM_CONVERSION = YES;
				CLANG_WARN_INFINITE_RECURSION = YES;
				CLANG_WARN_INT_CONVERSION = YES;
				CLANG_WARN_NON_LITERAL_NULL_CONVERSION = YES;
				CLANG_WARN_OBJC_IMPLICIT_RETAIN_SELF = YES;
				CLANG_WARN_OBJC_LITERAL_CONVERSION = YES;
				CLANG_WARN_OBJC_ROOT_CLASS = YES_ERROR;
				CLANG_WARN_QUOTED_INCLUDE_IN_FRAMEWORK_HEADER = YES;
				CLANG_WARN_RANGE_LOOP_ANALYSIS = YES;
				CLANG_WARN_STRICT_PROTOTYPES = YES;
				CLANG_WARN_SUSPICIOUS_MOVE = YES;
				CLANG_WARN_UNGUARDED_AVAILABILITY = YES_AGGRESSIVE;
				CLANG_WARN_UNREACHABLE_CODE = YES;
				CLANG_WARN__DUPLICATE_METHOD_MATCH = YES;
				COPY_PHASE_STRIP = NO;
				DEBUG_INFORMATION_FORMAT = "dwarf-with-dsym";
				ENABLE_NS_ASSERTIONS = NO;
				ENABLE_STRICT_OBJC_MSGSEND = YES;
				GCC_C_LANGUAGE_STANDARD = gnu11;
				GCC_NO_COMMON_BLOCKS = YES;
				GCC_WARN_64_TO_32_BIT_CONVERSION = YES;
				GCC_WARN_ABOUT_RETURN_TYPE = YES_ERROR;
				GCC_WARN_UNDECLARED_SELECTOR = YES;
				GCC_WARN_UNINITIALIZED_AUTOS = YES_AGGRESSIVE;
				GCC_WARN_UNUSED_FUNCTION = YES;
				GCC_WARN_UNUSED_VARIABLE = YES;
				IPHONEOS_DEPLOYMENT_TARGET = 16.4;
				MTL_ENABLE_DEBUG_INFO = NO;
				MTL_FAST_MATH = YES;
				SDKROOT = iphoneos;
				SWIFT_COMPILATION_MODE = wholemodule;
				SWIFT_OPTIMIZATION_LEVEL = "-O";
				VALIDATE_PRODUCT = YES;
			};
			name = Release;
		};
		8D4A016F2A8F6E350067EE1E /* Debug */ = {
			isa = XCBuildConfiguration;
			buildSettings = {
				ASSETCATALOG_COMPILER_APPICON_NAME = AppIcon;
				ASSETCATALOG_COMPILER_GLOBAL_ACCENT_COLOR_NAME = AccentColor;
				CODE_SIGN_STYLE = Automatic;
				CURRENT_PROJECT_VERSION = 1;
				DEVELOPMENT_ASSET_PATHS = "\"TUI/Preview Content\"";
				DEVELOPMENT_TEAM = R3L829L3V3;
				ENABLE_PREVIEWS = YES;
				GENERATE_INFOPLIST_FILE = YES;
				INFOPLIST_KEY_NSLocationAlwaysUsageDescription = "We need just see your city for relevant searching";
				INFOPLIST_KEY_NSLocationWhenInUseUsageDescription = "We need just see your city for relevant searching";
				INFOPLIST_KEY_UIApplicationSceneManifest_Generation = YES;
				INFOPLIST_KEY_UIApplicationSupportsIndirectInputEvents = YES;
				INFOPLIST_KEY_UILaunchScreen_Generation = YES;
				INFOPLIST_KEY_UISupportedInterfaceOrientations_iPad = "UIInterfaceOrientationPortrait UIInterfaceOrientationPortraitUpsideDown UIInterfaceOrientationLandscapeLeft UIInterfaceOrientationLandscapeRight";
				INFOPLIST_KEY_UISupportedInterfaceOrientations_iPhone = "UIInterfaceOrientationPortrait UIInterfaceOrientationLandscapeLeft UIInterfaceOrientationLandscapeRight";
				LD_RUNPATH_SEARCH_PATHS = (
					"$(inherited)",
					"@executable_path/Frameworks",
				);
				MARKETING_VERSION = 1.0;
				PRODUCT_BUNDLE_IDENTIFIER = com.apple.TUI;
				PRODUCT_NAME = "$(TARGET_NAME)";
				SWIFT_EMIT_LOC_STRINGS = YES;
				SWIFT_VERSION = 5.0;
				TARGETED_DEVICE_FAMILY = "1,2";
			};
			name = Debug;
		};
		8D4A01702A8F6E350067EE1E /* Release */ = {
			isa = XCBuildConfiguration;
			buildSettings = {
				ASSETCATALOG_COMPILER_APPICON_NAME = AppIcon;
				ASSETCATALOG_COMPILER_GLOBAL_ACCENT_COLOR_NAME = AccentColor;
				CODE_SIGN_STYLE = Automatic;
				CURRENT_PROJECT_VERSION = 1;
				DEVELOPMENT_ASSET_PATHS = "\"TUI/Preview Content\"";
				DEVELOPMENT_TEAM = R3L829L3V3;
				ENABLE_PREVIEWS = YES;
				GENERATE_INFOPLIST_FILE = YES;
				INFOPLIST_KEY_NSLocationAlwaysUsageDescription = "We need just see your city for relevant searching";
				INFOPLIST_KEY_NSLocationWhenInUseUsageDescription = "We need just see your city for relevant searching";
				INFOPLIST_KEY_UIApplicationSceneManifest_Generation = YES;
				INFOPLIST_KEY_UIApplicationSupportsIndirectInputEvents = YES;
				INFOPLIST_KEY_UILaunchScreen_Generation = YES;
				INFOPLIST_KEY_UISupportedInterfaceOrientations_iPad = "UIInterfaceOrientationPortrait UIInterfaceOrientationPortraitUpsideDown UIInterfaceOrientationLandscapeLeft UIInterfaceOrientationLandscapeRight";
				INFOPLIST_KEY_UISupportedInterfaceOrientations_iPhone = "UIInterfaceOrientationPortrait UIInterfaceOrientationLandscapeLeft UIInterfaceOrientationLandscapeRight";
				LD_RUNPATH_SEARCH_PATHS = (
					"$(inherited)",
					"@executable_path/Frameworks",
				);
				MARKETING_VERSION = 1.0;
				PRODUCT_BUNDLE_IDENTIFIER = com.apple.TUI;
				PRODUCT_NAME = "$(TARGET_NAME)";
				SWIFT_EMIT_LOC_STRINGS = YES;
				SWIFT_VERSION = 5.0;
				TARGETED_DEVICE_FAMILY = "1,2";
			};
			name = Release;
		};
		8D4A01722A8F6E350067EE1E /* Debug */ = {
			isa = XCBuildConfiguration;
			buildSettings = {
				ALWAYS_EMBED_SWIFT_STANDARD_LIBRARIES = YES;
				BUNDLE_LOADER = "$(TEST_HOST)";
				CODE_SIGN_STYLE = Automatic;
				CURRENT_PROJECT_VERSION = 1;
				DEVELOPMENT_TEAM = R3L829L3V3;
				GENERATE_INFOPLIST_FILE = YES;
				IPHONEOS_DEPLOYMENT_TARGET = 16.4;
				MARKETING_VERSION = 1.0;
				PRODUCT_BUNDLE_IDENTIFIER = com.apple.TUITests;
				PRODUCT_NAME = "$(TARGET_NAME)";
				SWIFT_EMIT_LOC_STRINGS = NO;
				SWIFT_VERSION = 5.0;
				TARGETED_DEVICE_FAMILY = "1,2";
				TEST_HOST = "$(BUILT_PRODUCTS_DIR)/TUI.app/$(BUNDLE_EXECUTABLE_FOLDER_PATH)/TUI";
			};
			name = Debug;
		};
		8D4A01732A8F6E350067EE1E /* Release */ = {
			isa = XCBuildConfiguration;
			buildSettings = {
				ALWAYS_EMBED_SWIFT_STANDARD_LIBRARIES = YES;
				BUNDLE_LOADER = "$(TEST_HOST)";
				CODE_SIGN_STYLE = Automatic;
				CURRENT_PROJECT_VERSION = 1;
				DEVELOPMENT_TEAM = R3L829L3V3;
				GENERATE_INFOPLIST_FILE = YES;
				IPHONEOS_DEPLOYMENT_TARGET = 16.4;
				MARKETING_VERSION = 1.0;
				PRODUCT_BUNDLE_IDENTIFIER = com.apple.TUITests;
				PRODUCT_NAME = "$(TARGET_NAME)";
				SWIFT_EMIT_LOC_STRINGS = NO;
				SWIFT_VERSION = 5.0;
				TARGETED_DEVICE_FAMILY = "1,2";
				TEST_HOST = "$(BUILT_PRODUCTS_DIR)/TUI.app/$(BUNDLE_EXECUTABLE_FOLDER_PATH)/TUI";
			};
			name = Release;
		};
		8D4A01752A8F6E350067EE1E /* Debug */ = {
			isa = XCBuildConfiguration;
			buildSettings = {
				ALWAYS_EMBED_SWIFT_STANDARD_LIBRARIES = YES;
				CODE_SIGN_STYLE = Automatic;
				CURRENT_PROJECT_VERSION = 1;
				DEVELOPMENT_TEAM = R3L829L3V3;
				GENERATE_INFOPLIST_FILE = YES;
				MARKETING_VERSION = 1.0;
				PRODUCT_BUNDLE_IDENTIFIER = com.apple.TUIUITests;
				PRODUCT_NAME = "$(TARGET_NAME)";
				SWIFT_EMIT_LOC_STRINGS = NO;
				SWIFT_VERSION = 5.0;
				TARGETED_DEVICE_FAMILY = "1,2";
				TEST_TARGET_NAME = TUI;
			};
			name = Debug;
		};
		8D4A01762A8F6E350067EE1E /* Release */ = {
			isa = XCBuildConfiguration;
			buildSettings = {
				ALWAYS_EMBED_SWIFT_STANDARD_LIBRARIES = YES;
				CODE_SIGN_STYLE = Automatic;
				CURRENT_PROJECT_VERSION = 1;
				DEVELOPMENT_TEAM = R3L829L3V3;
				GENERATE_INFOPLIST_FILE = YES;
				MARKETING_VERSION = 1.0;
				PRODUCT_BUNDLE_IDENTIFIER = com.apple.TUIUITests;
				PRODUCT_NAME = "$(TARGET_NAME)";
				SWIFT_EMIT_LOC_STRINGS = NO;
				SWIFT_VERSION = 5.0;
				TARGETED_DEVICE_FAMILY = "1,2";
				TEST_TARGET_NAME = TUI;
			};
			name = Release;
		};
/* End XCBuildConfiguration section */

/* Begin XCConfigurationList section */
		8D4A01452A8F6E330067EE1E /* Build configuration list for PBXProject "TUI" */ = {
			isa = XCConfigurationList;
			buildConfigurations = (
				8D4A016C2A8F6E350067EE1E /* Debug */,
				8D4A016D2A8F6E350067EE1E /* Release */,
			);
			defaultConfigurationIsVisible = 0;
			defaultConfigurationName = Release;
		};
		8D4A016E2A8F6E350067EE1E /* Build configuration list for PBXNativeTarget "TUI" */ = {
			isa = XCConfigurationList;
			buildConfigurations = (
				8D4A016F2A8F6E350067EE1E /* Debug */,
				8D4A01702A8F6E350067EE1E /* Release */,
			);
			defaultConfigurationIsVisible = 0;
			defaultConfigurationName = Release;
		};
		8D4A01712A8F6E350067EE1E /* Build configuration list for PBXNativeTarget "TUITests" */ = {
			isa = XCConfigurationList;
			buildConfigurations = (
				8D4A01722A8F6E350067EE1E /* Debug */,
				8D4A01732A8F6E350067EE1E /* Release */,
			);
			defaultConfigurationIsVisible = 0;
			defaultConfigurationName = Release;
		};
		8D4A01742A8F6E350067EE1E /* Build configuration list for PBXNativeTarget "TUIUITests" */ = {
			isa = XCConfigurationList;
			buildConfigurations = (
				8D4A01752A8F6E350067EE1E /* Debug */,
				8D4A01762A8F6E350067EE1E /* Release */,
			);
			defaultConfigurationIsVisible = 0;
			defaultConfigurationName = Release;
		};
/* End XCConfigurationList section */
	};
	rootObject = 8D4A01422A8F6E330067EE1E /* Project object */;
}
